
Microsoft Visual Studio Solution File, Format Version 12.00
# Visual Studio Version 17
VisualStudioVersion = 17.0.32112.339
MinimumVisualStudioVersion = 10.0.40219.1
Project("{9A19103F-16F7-4668-BE54-9A1E7A4F7556}") = "localApi", "localApi.csproj", "{6DEE5CF5-4D1F-4034-963D-97B8290EA960}"
EndProject
Global
	GlobalSection(SolutionConfigurationPlatforms) = preSolution
		Debug|Any CPU = Debug|Any CPU
		Release|Any CPU = Release|Any CPU
	EndGlobalSection
	GlobalSection(ProjectConfigurationPlatforms) = postSolution
		{6DEE5CF5-4D1F-4034-963D-97B8290EA960}.Debug|Any CPU.ActiveCfg = Debug|Any CPU
		{6DEE5CF5-4D1F-4034-963D-97B8290EA960}.Debug|Any CPU.Build.0 = Debug|Any CPU
		{6DEE5CF5-4D1F-4034-963D-97B8290EA960}.Release|Any CPU.ActiveCfg = Release|Any CPU
		{6DEE5CF5-4D1F-4034-963D-97B8290EA960}.Release|Any CPU.Build.0 = Release|Any CPU
	EndGlobalSection
	GlobalSection(SolutionProperties) = preSolution
		HideSolutionNode = FALSE
	EndGlobalSection
	GlobalSection(ExtensibilityGlobals) = postSolution
		SolutionGuid = {286DE639-4DBC-4FF3-B035-D2B60CCED6E5}
	EndGlobalSection
EndGlobal
